dependencies:
- name: gitea
  repository: https://charts.bitnami.com/bitnami
  version: 1.0.6
- name: redis
  repository: https://charts.bitnami.com/bitnami
  version: 18.2.0
digest: sha256:ac6d171d0f97dc4bf4a2af31e1d6be3e658f1fc9ec47a631474b8513f5a6a813
generated: "2023-10-27T18:06:31.890159+02:00"
