dependencies:
- name: gitea
  repository: https://charts.bitnami.com/bitnami
  version: 1.0.2
- name: redis
  repository: https://charts.bitnami.com/bitnami
  version: 18.1.0
digest: sha256:75f8fa1770b5bfc30cd75315bd81261b3204e6ee071270fce69a8e52646a0a66
generated: "2023-10-17T08:23:10.960313+02:00"
